
Microsoft Visual Studio Solution File, Format Version 12.00
# Visual Studio 2012
Project("{FAE04EC0-301F-11D3-BF4B-00C04F79EFBC}") = "RSATester", "RSATester\RSATester.csproj", "{50F48154-ED6B-4B39-A0E0-6F8799224C7D}"
EndProject
Global
	GlobalSection(SolutionConfigurationPlatforms) = preSolution
		Debug|Any CPU = Debug|Any CPU
		Release|Any CPU = Release|Any CPU
	EndGlobalSection
	GlobalSection(ProjectConfigurationPlatforms) = postSolution
		{50F48154-ED6B-4B39-A0E0-6F8799224C7D}.Debug|Any CPU.ActiveCfg = Debug|Any CPU
		{50F48154-ED6B-4B39-A0E0-6F8799224C7D}.Debug|Any CPU.Build.0 = Debug|Any CPU
		{50F48154-ED6B-4B39-A0E0-6F8799224C7D}.Release|Any CPU.ActiveCfg = Release|Any CPU
		{50F48154-ED6B-4B39-A0E0-6F8799224C7D}.Release|Any CPU.Build.0 = Release|Any CPU
	EndGlobalSection
	GlobalSection(SolutionProperties) = preSolution
		HideSolutionNode = FALSE
	EndGlobalSection
EndGlobal
